
Microsoft Visual Studio Solution File, Format Version 12.00
# Visual Studio Version 17
VisualStudioVersion = 17.10.34916.146
MinimumVisualStudioVersion = 10.0.40219.1
Project("{9A19103F-16F7-4668-BE54-9A1E7A4F7556}") = "Racing.WebApi", "Racing.WebApi\Racing.WebApi.csproj", "{8A76A8E4-688C-4699-AFB4-B613F10C66C4}"
	ProjectSection(ProjectDependencies) = postProject
		{4985E888-C6F0-4D51-BB67-A12608883DE8} = {4985E888-C6F0-4D51-BB67-A12608883DE8}
		{B95F8EF2-7136-49B0-A7DD-98180100042F} = {B95F8EF2-7136-49B0-A7DD-98180100042F}
	EndProjectSection
EndProject
Project("{9A19103F-16F7-4668-BE54-9A1E7A4F7556}") = "Racing.Service", "Racing.Service\Racing.Service.csproj", "{4985E888-C6F0-4D51-BB67-A12608883DE8}"
	ProjectSection(ProjectDependencies) = postProject
		{3B552E29-8A45-48D5-B246-5B0E2F44A97E} = {3B552E29-8A45-48D5-B246-5B0E2F44A97E}
		{B95F8EF2-7136-49B0-A7DD-98180100042F} = {B95F8EF2-7136-49B0-A7DD-98180100042F}
	EndProjectSection
EndProject
Project("{9A19103F-16F7-4668-BE54-9A1E7A4F7556}") = "Racing.Models", "Racing.Models\Racing.Models.csproj", "{B95F8EF2-7136-49B0-A7DD-98180100042F}"
EndProject
Project("{9A19103F-16F7-4668-BE54-9A1E7A4F7556}") = "Racing.Repository", "Racing.Repository\Racing.Repository.csproj", "{3B552E29-8A45-48D5-B246-5B0E2F44A97E}"
	ProjectSection(ProjectDependencies) = postProject
		{B95F8EF2-7136-49B0-A7DD-98180100042F} = {B95F8EF2-7136-49B0-A7DD-98180100042F}
	EndProjectSection
EndProject
Project("{FAE04EC0-301F-11D3-BF4B-00C04F79EFBC}") = "Repository.Common", "Repository.Common\Repository.Common.csproj", "{23ECE1B5-7AD4-4F4E-9D48-CE8FADCBC03D}"
EndProject
Project("{FAE04EC0-301F-11D3-BF4B-00C04F79EFBC}") = "Service.Common", "Service.Common\Service.Common.csproj", "{211D8BAA-54DD-491D-B687-6C7161AC17A5}"
EndProject
Global
	GlobalSection(SolutionConfigurationPlatforms) = preSolution
		Debug|Any CPU = Debug|Any CPU
		Release|Any CPU = Release|Any CPU
	EndGlobalSection
	GlobalSection(ProjectConfigurationPlatforms) = postSolution
		{8A76A8E4-688C-4699-AFB4-B613F10C66C4}.Debug|Any CPU.ActiveCfg = Debug|Any CPU
		{8A76A8E4-688C-4699-AFB4-B613F10C66C4}.Debug|Any CPU.Build.0 = Debug|Any CPU
		{8A76A8E4-688C-4699-AFB4-B613F10C66C4}.Release|Any CPU.ActiveCfg = Release|Any CPU
		{8A76A8E4-688C-4699-AFB4-B613F10C66C4}.Release|Any CPU.Build.0 = Release|Any CPU
		{4985E888-C6F0-4D51-BB67-A12608883DE8}.Debug|Any CPU.ActiveCfg = Debug|Any CPU
		{4985E888-C6F0-4D51-BB67-A12608883DE8}.Debug|Any CPU.Build.0 = Debug|Any CPU
		{4985E888-C6F0-4D51-BB67-A12608883DE8}.Release|Any CPU.ActiveCfg = Release|Any CPU
		{4985E888-C6F0-4D51-BB67-A12608883DE8}.Release|Any CPU.Build.0 = Release|Any CPU
		{B95F8EF2-7136-49B0-A7DD-98180100042F}.Debug|Any CPU.ActiveCfg = Debug|Any CPU
		{B95F8EF2-7136-49B0-A7DD-98180100042F}.Debug|Any CPU.Build.0 = Debug|Any CPU
		{B95F8EF2-7136-49B0-A7DD-98180100042F}.Release|Any CPU.ActiveCfg = Release|Any CPU
		{B95F8EF2-7136-49B0-A7DD-98180100042F}.Release|Any CPU.Build.0 = Release|Any CPU
		{3B552E29-8A45-48D5-B246-5B0E2F44A97E}.Debug|Any CPU.ActiveCfg = Debug|Any CPU
		{3B552E29-8A45-48D5-B246-5B0E2F44A97E}.Debug|Any CPU.Build.0 = Debug|Any CPU
		{3B552E29-8A45-48D5-B246-5B0E2F44A97E}.Release|Any CPU.ActiveCfg = Release|Any CPU
		{3B552E29-8A45-48D5-B246-5B0E2F44A97E}.Release|Any CPU.Build.0 = Release|Any CPU
		{23ECE1B5-7AD4-4F4E-9D48-CE8FADCBC03D}.Debug|Any CPU.ActiveCfg = Debug|Any CPU
		{23ECE1B5-7AD4-4F4E-9D48-CE8FADCBC03D}.Debug|Any CPU.Build.0 = Debug|Any CPU
		{23ECE1B5-7AD4-4F4E-9D48-CE8FADCBC03D}.Release|Any CPU.ActiveCfg = Release|Any CPU
		{23ECE1B5-7AD4-4F4E-9D48-CE8FADCBC03D}.Release|Any CPU.Build.0 = Release|Any CPU
		{211D8BAA-54DD-491D-B687-6C7161AC17A5}.Debug|Any CPU.ActiveCfg = Debug|Any CPU
		{211D8BAA-54DD-491D-B687-6C7161AC17A5}.Debug|Any CPU.Build.0 = Debug|Any CPU
		{211D8BAA-54DD-491D-B687-6C7161AC17A5}.Release|Any CPU.ActiveCfg = Release|Any CPU
		{211D8BAA-54DD-491D-B687-6C7161AC17A5}.Release|Any CPU.Build.0 = Release|Any CPU
	EndGlobalSection
	GlobalSection(SolutionProperties) = preSolution
		HideSolutionNode = FALSE
	EndGlobalSection
	GlobalSection(ExtensibilityGlobals) = postSolution
		SolutionGuid = {FAB8C593-69C2-4B10-9A0C-6DA51476B9A8}
	EndGlobalSection
EndGlobal
